
Microsoft Visual Studio Solution File, Format Version 12.00
# Visual Studio Version 17
VisualStudioVersion = 17.0.31903.59
MinimumVisualStudioVersion = 10.0.40219.1
Project("{FAE04EC0-301F-11D3-BF4B-00C04F79EFBC}") = "DemoApp3.WebApi", "DemoApp3.WebApi\DemoApp3.WebApi.csproj", "{16D6719A-9FC8-4F9B-853B-66E322829808}"
EndProject
Project("{FAE04EC0-301F-11D3-BF4B-00C04F79EFBC}") = "DemoApp3.CronJob", "DemoApp3.CronJob\DemoApp3.CronJob.csproj", "{C93A62CD-4657-4BD7-8BE9-7A756F6039DF}"
EndProject
Global
	GlobalSection(SolutionConfigurationPlatforms) = preSolution
		Debug|Any CPU = Debug|Any CPU
		Release|Any CPU = Release|Any CPU
	EndGlobalSection
	GlobalSection(SolutionProperties) = preSolution
		HideSolutionNode = FALSE
	EndGlobalSection
	GlobalSection(ProjectConfigurationPlatforms) = postSolution
		{16D6719A-9FC8-4F9B-853B-66E322829808}.Debug|Any CPU.ActiveCfg = Debug|Any CPU
		{16D6719A-9FC8-4F9B-853B-66E322829808}.Debug|Any CPU.Build.0 = Debug|Any CPU
		{16D6719A-9FC8-4F9B-853B-66E322829808}.Release|Any CPU.ActiveCfg = Release|Any CPU
		{16D6719A-9FC8-4F9B-853B-66E322829808}.Release|Any CPU.Build.0 = Release|Any CPU
		{C93A62CD-4657-4BD7-8BE9-7A756F6039DF}.Debug|Any CPU.ActiveCfg = Debug|Any CPU
		{C93A62CD-4657-4BD7-8BE9-7A756F6039DF}.Debug|Any CPU.Build.0 = Debug|Any CPU
		{C93A62CD-4657-4BD7-8BE9-7A756F6039DF}.Release|Any CPU.ActiveCfg = Release|Any CPU
		{C93A62CD-4657-4BD7-8BE9-7A756F6039DF}.Release|Any CPU.Build.0 = Release|Any CPU
	EndGlobalSection
EndGlobal
